{
    "name": "chart.js-auto",
    "lockfileVersion": 3,
    "requires": true,
    "packages": {
        "": {
            "name": "chart.js-auto",
            "dependencies": {
                "chart.js-auto": "file:"
            }
        },
        "node_modules/chart.js-auto": {
            "resolved": "",
            "link": true
        }
    }
}
